
Microsoft Visual Studio Solution File, Format Version 12.00
# Visual Studio Version 17
VisualStudioVersion = 17.14.36203.30 d17.14
MinimumVisualStudioVersion = 10.0.40219.1
Project("{FAE04EC0-301F-11D3-BF4B-00C04F79EFBC}") = "Sistema_Almacen_MariaDB", "Sistema_Almacen_MariaDB.csproj", "{95BFBC86-8712-4A34-ACA0-BC35295C3A49}"
EndProject
Global
	GlobalSection(SolutionConfigurationPlatforms) = preSolution
		Debug|Any CPU = Debug|Any CPU
		Release|Any CPU = Release|Any CPU
	EndGlobalSection
	GlobalSection(ProjectConfigurationPlatforms) = postSolution
		{95BFBC86-8712-4A34-ACA0-BC35295C3A49}.Debug|Any CPU.ActiveCfg = Debug|Any CPU
		{95BFBC86-8712-4A34-ACA0-BC35295C3A49}.Debug|Any CPU.Build.0 = Debug|Any CPU
		{95BFBC86-8712-4A34-ACA0-BC35295C3A49}.Release|Any CPU.ActiveCfg = Release|Any CPU
		{95BFBC86-8712-4A34-ACA0-BC35295C3A49}.Release|Any CPU.Build.0 = Release|Any CPU
	EndGlobalSection
	GlobalSection(SolutionProperties) = preSolution
		HideSolutionNode = FALSE
	EndGlobalSection
	GlobalSection(ExtensibilityGlobals) = postSolution
		SolutionGuid = {D8522B1F-C038-49CA-B3EE-DFE66150E24C}
	EndGlobalSection
EndGlobal
